
Microsoft Visual Studio Solution File, Format Version 12.00
# Visual Studio Version 16
VisualStudioVersion = 16.0.30503.244
MinimumVisualStudioVersion = 10.0.40219.1
Project("{9A19103F-16F7-4668-BE54-9A1E7A4F7556}") = "jakub_rzepka_making_waves_task", "jakub_rzepka_making_waves_task\jakub_rzepka_making_waves_task.csproj", "{E5448ADB-E4AA-470B-A165-522EF9060ECF}"
EndProject
Project("{FAE04EC0-301F-11D3-BF4B-00C04F79EFBC}") = "jakub_rzepka_making_waves_task_Tests", "jakub_rzepka_making_waves_task_Tests\jakub_rzepka_making_waves_task_Tests.csproj", "{5704184F-169F-4755-ACB1-0F9922FAAB36}"
EndProject
Global
	GlobalSection(SolutionConfigurationPlatforms) = preSolution
		Debug|Any CPU = Debug|Any CPU
		Release|Any CPU = Release|Any CPU
	EndGlobalSection
	GlobalSection(ProjectConfigurationPlatforms) = postSolution
		{E5448ADB-E4AA-470B-A165-522EF9060ECF}.Debug|Any CPU.ActiveCfg = Debug|Any CPU
		{E5448ADB-E4AA-470B-A165-522EF9060ECF}.Debug|Any CPU.Build.0 = Debug|Any CPU
		{E5448ADB-E4AA-470B-A165-522EF9060ECF}.Release|Any CPU.ActiveCfg = Release|Any CPU
		{E5448ADB-E4AA-470B-A165-522EF9060ECF}.Release|Any CPU.Build.0 = Release|Any CPU
		{5704184F-169F-4755-ACB1-0F9922FAAB36}.Debug|Any CPU.ActiveCfg = Debug|Any CPU
		{5704184F-169F-4755-ACB1-0F9922FAAB36}.Debug|Any CPU.Build.0 = Debug|Any CPU
		{5704184F-169F-4755-ACB1-0F9922FAAB36}.Release|Any CPU.ActiveCfg = Release|Any CPU
		{5704184F-169F-4755-ACB1-0F9922FAAB36}.Release|Any CPU.Build.0 = Release|Any CPU
	EndGlobalSection
	GlobalSection(SolutionProperties) = preSolution
		HideSolutionNode = FALSE
	EndGlobalSection
	GlobalSection(ExtensibilityGlobals) = postSolution
		SolutionGuid = {BB7C7A20-2FE0-47DE-A5D0-9CCE073B6441}
	EndGlobalSection
EndGlobal
